
Microsoft Visual Studio Solution File, Format Version 12.00
# Visual Studio Version 16
VisualStudioVersion = 16.0.31205.134
MinimumVisualStudioVersion = 10.0.40219.1
Project("{E53339B2-1760-4266-BCC7-CA923CBCF16C}") = "docker-compose", "docker-compose.dcproj", "{BBD8E002-A589-41D1-9E46-EB1E5AF763FF}"
EndProject
Project("{2150E333-8FDC-42A3-9474-1A3956D46DE8}") = "Tests", "Tests", "{1E9762A3-6CA5-42A5-A5A6-34A2A4227FAA}"
EndProject
Project("{FAE04EC0-301F-11D3-BF4B-00C04F79EFBC}") = "CustomerServiceTests", "Tests\CustomerServiceTests\CustomerServiceTests.csproj", "{2A0CAB9E-151E-47E5-80BA-71BA0EBAF2F3}"
EndProject
Project("{FAE04EC0-301F-11D3-BF4B-00C04F79EFBC}") = "OrderServiceTests", "Tests\OrderServiceTests\OrderServiceTests.csproj", "{3A953F07-BA29-437D-B894-9751635393B6}"
EndProject
Project("{2150E333-8FDC-42A3-9474-1A3956D46DE8}") = "Common", "Common", "{45E9AE82-CA5F-423C-8B8B-26D40D1F2EB5}"
EndProject
Project("{2150E333-8FDC-42A3-9474-1A3956D46DE8}") = "Services", "Services", "{F1C2F953-9668-4B06-9B13-98CEE47BC951}"
EndProject
Project("{FAE04EC0-301F-11D3-BF4B-00C04F79EFBC}") = "CommonLib", "Common\CommonLib\CommonLib.csproj", "{C7C77181-1134-4F65-87CF-680F73FBC07D}"
EndProject
Project("{FAE04EC0-301F-11D3-BF4B-00C04F79EFBC}") = "Entities", "Common\Entities\Entities.csproj", "{342F0DE3-80CF-46F4-9E17-19BCE6867DC9}"
EndProject
Project("{FAE04EC0-301F-11D3-BF4B-00C04F79EFBC}") = "Repository", "Common\Repository\Repository.csproj", "{D7134044-470F-44C5-863A-59F338329609}"
EndProject
Project("{FAE04EC0-301F-11D3-BF4B-00C04F79EFBC}") = "CustomerService", "Services\CustomerService\CustomerService.csproj", "{26136B45-9E90-4F8F-B3DE-725DE55615BD}"
EndProject
Project("{FAE04EC0-301F-11D3-BF4B-00C04F79EFBC}") = "Gateway", "Services\Gateway\Gateway.csproj", "{24D4B58A-33C1-4EE0-8524-AF18293856CA}"
EndProject
Project("{FAE04EC0-301F-11D3-BF4B-00C04F79EFBC}") = "OrderService", "Services\OrderService\OrderService.csproj", "{2D34157A-2EBE-497D-AF8F-4C03C999807B}"
EndProject
Global
	GlobalSection(SolutionConfigurationPlatforms) = preSolution
		Debug|Any CPU = Debug|Any CPU
		Release|Any CPU = Release|Any CPU
	EndGlobalSection
	GlobalSection(ProjectConfigurationPlatforms) = postSolution
		{BBD8E002-A589-41D1-9E46-EB1E5AF763FF}.Debug|Any CPU.ActiveCfg = Debug|Any CPU
		{BBD8E002-A589-41D1-9E46-EB1E5AF763FF}.Debug|Any CPU.Build.0 = Debug|Any CPU
		{BBD8E002-A589-41D1-9E46-EB1E5AF763FF}.Release|Any CPU.ActiveCfg = Release|Any CPU
		{BBD8E002-A589-41D1-9E46-EB1E5AF763FF}.Release|Any CPU.Build.0 = Release|Any CPU
		{2A0CAB9E-151E-47E5-80BA-71BA0EBAF2F3}.Debug|Any CPU.ActiveCfg = Debug|Any CPU
		{2A0CAB9E-151E-47E5-80BA-71BA0EBAF2F3}.Debug|Any CPU.Build.0 = Debug|Any CPU
		{2A0CAB9E-151E-47E5-80BA-71BA0EBAF2F3}.Release|Any CPU.ActiveCfg = Release|Any CPU
		{2A0CAB9E-151E-47E5-80BA-71BA0EBAF2F3}.Release|Any CPU.Build.0 = Release|Any CPU
		{3A953F07-BA29-437D-B894-9751635393B6}.Debug|Any CPU.ActiveCfg = Debug|Any CPU
		{3A953F07-BA29-437D-B894-9751635393B6}.Debug|Any CPU.Build.0 = Debug|Any CPU
		{3A953F07-BA29-437D-B894-9751635393B6}.Release|Any CPU.ActiveCfg = Release|Any CPU
		{3A953F07-BA29-437D-B894-9751635393B6}.Release|Any CPU.Build.0 = Release|Any CPU
		{C7C77181-1134-4F65-87CF-680F73FBC07D}.Debug|Any CPU.ActiveCfg = Debug|Any CPU
		{C7C77181-1134-4F65-87CF-680F73FBC07D}.Debug|Any CPU.Build.0 = Debug|Any CPU
		{C7C77181-1134-4F65-87CF-680F73FBC07D}.Release|Any CPU.ActiveCfg = Release|Any CPU
		{C7C77181-1134-4F65-87CF-680F73FBC07D}.Release|Any CPU.Build.0 = Release|Any CPU
		{342F0DE3-80CF-46F4-9E17-19BCE6867DC9}.Debug|Any CPU.ActiveCfg = Debug|Any CPU
		{342F0DE3-80CF-46F4-9E17-19BCE6867DC9}.Debug|Any CPU.Build.0 = Debug|Any CPU
		{342F0DE3-80CF-46F4-9E17-19BCE6867DC9}.Release|Any CPU.ActiveCfg = Release|Any CPU
		{342F0DE3-80CF-46F4-9E17-19BCE6867DC9}.Release|Any CPU.Build.0 = Release|Any CPU
		{D7134044-470F-44C5-863A-59F338329609}.Debug|Any CPU.ActiveCfg = Debug|Any CPU
		{D7134044-470F-44C5-863A-59F338329609}.Debug|Any CPU.Build.0 = Debug|Any CPU
		{D7134044-470F-44C5-863A-59F338329609}.Release|Any CPU.ActiveCfg = Release|Any CPU
		{D7134044-470F-44C5-863A-59F338329609}.Release|Any CPU.Build.0 = Release|Any CPU
		{26136B45-9E90-4F8F-B3DE-725DE55615BD}.Debug|Any CPU.ActiveCfg = Debug|Any CPU
		{26136B45-9E90-4F8F-B3DE-725DE55615BD}.Debug|Any CPU.Build.0 = Debug|Any CPU
		{26136B45-9E90-4F8F-B3DE-725DE55615BD}.Release|Any CPU.ActiveCfg = Release|Any CPU
		{26136B45-9E90-4F8F-B3DE-725DE55615BD}.Release|Any CPU.Build.0 = Release|Any CPU
		{24D4B58A-33C1-4EE0-8524-AF18293856CA}.Debug|Any CPU.ActiveCfg = Debug|Any CPU
		{24D4B58A-33C1-4EE0-8524-AF18293856CA}.Debug|Any CPU.Build.0 = Debug|Any CPU
		{24D4B58A-33C1-4EE0-8524-AF18293856CA}.Release|Any CPU.ActiveCfg = Release|Any CPU
		{24D4B58A-33C1-4EE0-8524-AF18293856CA}.Release|Any CPU.Build.0 = Release|Any CPU
		{2D34157A-2EBE-497D-AF8F-4C03C999807B}.Debug|Any CPU.ActiveCfg = Debug|Any CPU
		{2D34157A-2EBE-497D-AF8F-4C03C999807B}.Debug|Any CPU.Build.0 = Debug|Any CPU
		{2D34157A-2EBE-497D-AF8F-4C03C999807B}.Release|Any CPU.ActiveCfg = Release|Any CPU
		{2D34157A-2EBE-497D-AF8F-4C03C999807B}.Release|Any CPU.Build.0 = Release|Any CPU
	EndGlobalSection
	GlobalSection(SolutionProperties) = preSolution
		HideSolutionNode = FALSE
	EndGlobalSection
	GlobalSection(ExtensibilityGlobals) = postSolution
		SolutionGuid = {54CE2618-CD18-4CCE-A222-CDA045968690}
	EndGlobalSection
	GlobalSection(NestedProjects) = preSolution
		{2A0CAB9E-151E-47E5-80BA-71BA0EBAF2F3} = {1E9762A3-6CA5-42A5-A5A6-34A2A4227FAA}
		{3A953F07-BA29-437D-B894-9751635393B6} = {1E9762A3-6CA5-42A5-A5A6-34A2A4227FAA}
		{C7C77181-1134-4F65-87CF-680F73FBC07D} = {45E9AE82-CA5F-423C-8B8B-26D40D1F2EB5}
		{342F0DE3-80CF-46F4-9E17-19BCE6867DC9} = {45E9AE82-CA5F-423C-8B8B-26D40D1F2EB5}
		{D7134044-470F-44C5-863A-59F338329609} = {45E9AE82-CA5F-423C-8B8B-26D40D1F2EB5}
		{26136B45-9E90-4F8F-B3DE-725DE55615BD} = {F1C2F953-9668-4B06-9B13-98CEE47BC951}
		{24D4B58A-33C1-4EE0-8524-AF18293856CA} = {F1C2F953-9668-4B06-9B13-98CEE47BC951}
		{2D34157A-2EBE-497D-AF8F-4C03C999807B} = {F1C2F953-9668-4B06-9B13-98CEE47BC951}
	EndGlobalSection
EndGlobal
